
Microsoft Visual Studio Solution File, Format Version 12.00
# Visual Studio Version 17
VisualStudioVersion = 17.6.33513.286
MinimumVisualStudioVersion = 10.0.40219.1
Project("{2150E333-8FDC-42A3-9474-1A3956D46DE8}") = "src", "src", "{B9099523-C596-45B4-AEF6-7A52D32974A7}"
EndProject
Project("{2150E333-8FDC-42A3-9474-1A3956D46DE8}") = "Services", "Services", "{07320BD8-23E7-4253-9BE7-4634D3B416B1}"
EndProject
Project("{2150E333-8FDC-42A3-9474-1A3956D46DE8}") = "Web Apps", "Web Apps", "{A918E8D0-3CFC-4A64-8B9B-D6464B2C27C6}"
EndProject
Project("{2150E333-8FDC-42A3-9474-1A3956D46DE8}") = "BuildingBlocks", "BuildingBlocks", "{ACC4C9BC-1CD5-46C0-BBF1-A4B353410DA3}"
EndProject
Project("{2150E333-8FDC-42A3-9474-1A3956D46DE8}") = "Basket", "Basket", "{57905182-5FEC-47FF-B907-B9813110742C}"
EndProject
Project("{2150E333-8FDC-42A3-9474-1A3956D46DE8}") = "Catalog", "Catalog", "{B115B781-70AC-419F-A92D-18E9F6D6A732}"
EndProject
Project("{2150E333-8FDC-42A3-9474-1A3956D46DE8}") = "Ordering", "Ordering", "{EADA7B62-206E-4919-A6CB-89E0851E4889}"
EndProject
Project("{2150E333-8FDC-42A3-9474-1A3956D46DE8}") = "Identity", "Identity", "{F92A03ED-D836-438B-9680-8679A4725CC4}"
EndProject
Project("{2150E333-8FDC-42A3-9474-1A3956D46DE8}") = "Payment", "Payment", "{5272D33C-1E33-4464-B623-75BC467EE943}"
EndProject
Project("{9A19103F-16F7-4668-BE54-9A1E7A4F7556}") = "Catalog.API", "src\Services\Catalog\Catalog.API\Catalog.API.csproj", "{D36D9D0D-9B7C-443E-BEC3-E338D9FFF178}"
EndProject
Project("{9A19103F-16F7-4668-BE54-9A1E7A4F7556}") = "Basket.API", "src\Services\Basket\Basket.API\Basket.API.csproj", "{617E05D8-D3A2-4B99-AA07-714BF2436ED3}"
EndProject
Project("{9A19103F-16F7-4668-BE54-9A1E7A4F7556}") = "Identity.API", "src\Services\Identity\Identity.API\Identity.API.csproj", "{57D243A1-769B-4231-B3CF-4CAD20E0F44D}"
EndProject
Project("{9A19103F-16F7-4668-BE54-9A1E7A4F7556}") = "Ordering.API", "src\Services\Ordering\Ordering.API\Ordering.API.csproj", "{5BF17EC4-1F98-469F-A99E-EE607A02D296}"
EndProject
Project("{9A19103F-16F7-4668-BE54-9A1E7A4F7556}") = "WebMVC", "src\Web Apps\WebMVC\WebMVC.csproj", "{8C1B57B3-DE54-484D-8BE1-421DB54E6A1A}"
EndProject
Project("{9A19103F-16F7-4668-BE54-9A1E7A4F7556}") = "EventBus", "src\BuildingBlocks\EventBus\EventBus\EventBus.csproj", "{BF9FA088-239B-409D-A996-8A3ADC6CF4C1}"
EndProject
Project("{FAE04EC0-301F-11D3-BF4B-00C04F79EFBC}") = "EventBusRabbitMQ", "src\BuildingBlocks\EventBus\EventBusRabbitMQ\EventBusRabbitMQ.csproj", "{97A5BA8C-93E8-4E8A-8A6B-F1710C9171FF}"
EndProject
Global
	GlobalSection(SolutionConfigurationPlatforms) = preSolution
		Debug|Any CPU = Debug|Any CPU
		Release|Any CPU = Release|Any CPU
	EndGlobalSection
	GlobalSection(ProjectConfigurationPlatforms) = postSolution
		{D36D9D0D-9B7C-443E-BEC3-E338D9FFF178}.Debug|Any CPU.ActiveCfg = Debug|Any CPU
		{D36D9D0D-9B7C-443E-BEC3-E338D9FFF178}.Debug|Any CPU.Build.0 = Debug|Any CPU
		{D36D9D0D-9B7C-443E-BEC3-E338D9FFF178}.Release|Any CPU.ActiveCfg = Release|Any CPU
		{D36D9D0D-9B7C-443E-BEC3-E338D9FFF178}.Release|Any CPU.Build.0 = Release|Any CPU
		{617E05D8-D3A2-4B99-AA07-714BF2436ED3}.Debug|Any CPU.ActiveCfg = Debug|Any CPU
		{617E05D8-D3A2-4B99-AA07-714BF2436ED3}.Debug|Any CPU.Build.0 = Debug|Any CPU
		{617E05D8-D3A2-4B99-AA07-714BF2436ED3}.Release|Any CPU.ActiveCfg = Release|Any CPU
		{617E05D8-D3A2-4B99-AA07-714BF2436ED3}.Release|Any CPU.Build.0 = Release|Any CPU
		{57D243A1-769B-4231-B3CF-4CAD20E0F44D}.Debug|Any CPU.ActiveCfg = Debug|Any CPU
		{57D243A1-769B-4231-B3CF-4CAD20E0F44D}.Debug|Any CPU.Build.0 = Debug|Any CPU
		{57D243A1-769B-4231-B3CF-4CAD20E0F44D}.Release|Any CPU.ActiveCfg = Release|Any CPU
		{57D243A1-769B-4231-B3CF-4CAD20E0F44D}.Release|Any CPU.Build.0 = Release|Any CPU
		{5BF17EC4-1F98-469F-A99E-EE607A02D296}.Debug|Any CPU.ActiveCfg = Debug|Any CPU
		{5BF17EC4-1F98-469F-A99E-EE607A02D296}.Debug|Any CPU.Build.0 = Debug|Any CPU
		{5BF17EC4-1F98-469F-A99E-EE607A02D296}.Release|Any CPU.ActiveCfg = Release|Any CPU
		{5BF17EC4-1F98-469F-A99E-EE607A02D296}.Release|Any CPU.Build.0 = Release|Any CPU
		{8C1B57B3-DE54-484D-8BE1-421DB54E6A1A}.Debug|Any CPU.ActiveCfg = Debug|Any CPU
		{8C1B57B3-DE54-484D-8BE1-421DB54E6A1A}.Debug|Any CPU.Build.0 = Debug|Any CPU
		{8C1B57B3-DE54-484D-8BE1-421DB54E6A1A}.Release|Any CPU.ActiveCfg = Release|Any CPU
		{8C1B57B3-DE54-484D-8BE1-421DB54E6A1A}.Release|Any CPU.Build.0 = Release|Any CPU
		{BF9FA088-239B-409D-A996-8A3ADC6CF4C1}.Debug|Any CPU.ActiveCfg = Debug|Any CPU
		{BF9FA088-239B-409D-A996-8A3ADC6CF4C1}.Debug|Any CPU.Build.0 = Debug|Any CPU
		{BF9FA088-239B-409D-A996-8A3ADC6CF4C1}.Release|Any CPU.ActiveCfg = Release|Any CPU
		{BF9FA088-239B-409D-A996-8A3ADC6CF4C1}.Release|Any CPU.Build.0 = Release|Any CPU
		{97A5BA8C-93E8-4E8A-8A6B-F1710C9171FF}.Debug|Any CPU.ActiveCfg = Debug|Any CPU
		{97A5BA8C-93E8-4E8A-8A6B-F1710C9171FF}.Debug|Any CPU.Build.0 = Debug|Any CPU
		{97A5BA8C-93E8-4E8A-8A6B-F1710C9171FF}.Release|Any CPU.ActiveCfg = Release|Any CPU
		{97A5BA8C-93E8-4E8A-8A6B-F1710C9171FF}.Release|Any CPU.Build.0 = Release|Any CPU
	EndGlobalSection
	GlobalSection(SolutionProperties) = preSolution
		HideSolutionNode = FALSE
	EndGlobalSection
	GlobalSection(NestedProjects) = preSolution
		{07320BD8-23E7-4253-9BE7-4634D3B416B1} = {B9099523-C596-45B4-AEF6-7A52D32974A7}
		{A918E8D0-3CFC-4A64-8B9B-D6464B2C27C6} = {B9099523-C596-45B4-AEF6-7A52D32974A7}
		{ACC4C9BC-1CD5-46C0-BBF1-A4B353410DA3} = {B9099523-C596-45B4-AEF6-7A52D32974A7}
		{57905182-5FEC-47FF-B907-B9813110742C} = {07320BD8-23E7-4253-9BE7-4634D3B416B1}
		{B115B781-70AC-419F-A92D-18E9F6D6A732} = {07320BD8-23E7-4253-9BE7-4634D3B416B1}
		{EADA7B62-206E-4919-A6CB-89E0851E4889} = {07320BD8-23E7-4253-9BE7-4634D3B416B1}
		{F92A03ED-D836-438B-9680-8679A4725CC4} = {07320BD8-23E7-4253-9BE7-4634D3B416B1}
		{5272D33C-1E33-4464-B623-75BC467EE943} = {07320BD8-23E7-4253-9BE7-4634D3B416B1}
		{D36D9D0D-9B7C-443E-BEC3-E338D9FFF178} = {B115B781-70AC-419F-A92D-18E9F6D6A732}
		{617E05D8-D3A2-4B99-AA07-714BF2436ED3} = {57905182-5FEC-47FF-B907-B9813110742C}
		{57D243A1-769B-4231-B3CF-4CAD20E0F44D} = {F92A03ED-D836-438B-9680-8679A4725CC4}
		{5BF17EC4-1F98-469F-A99E-EE607A02D296} = {EADA7B62-206E-4919-A6CB-89E0851E4889}
		{8C1B57B3-DE54-484D-8BE1-421DB54E6A1A} = {A918E8D0-3CFC-4A64-8B9B-D6464B2C27C6}
		{BF9FA088-239B-409D-A996-8A3ADC6CF4C1} = {ACC4C9BC-1CD5-46C0-BBF1-A4B353410DA3}
		{97A5BA8C-93E8-4E8A-8A6B-F1710C9171FF} = {ACC4C9BC-1CD5-46C0-BBF1-A4B353410DA3}
	EndGlobalSection
	GlobalSection(ExtensibilityGlobals) = postSolution
		SolutionGuid = {3AFCD5B0-799B-43F4-8D99-1B55BEDE3C47}
	EndGlobalSection
EndGlobal
